
Microsoft Visual Studio Solution File, Format Version 12.00
# Visual Studio Version 16
VisualStudioVersion = 25.0.1700.6
MinimumVisualStudioVersion = 10.0.40219.1
Project("{FAE04EC0-301F-11D3-BF4B-00C04F79EFBC}") = "PracticeLinq", "PracticeLinq\PracticeLinq.csproj", "{50622817-91EF-4A60-99D6-D306AA917D14}"
EndProject
Global
	GlobalSection(SolutionConfigurationPlatforms) = preSolution
		Debug|Any CPU = Debug|Any CPU
		Release|Any CPU = Release|Any CPU
	EndGlobalSection
	GlobalSection(ProjectConfigurationPlatforms) = postSolution
		{50622817-91EF-4A60-99D6-D306AA917D14}.Debug|Any CPU.ActiveCfg = Debug|Any CPU
		{50622817-91EF-4A60-99D6-D306AA917D14}.Debug|Any CPU.Build.0 = Debug|Any CPU
		{50622817-91EF-4A60-99D6-D306AA917D14}.Release|Any CPU.ActiveCfg = Release|Any CPU
		{50622817-91EF-4A60-99D6-D306AA917D14}.Release|Any CPU.Build.0 = Release|Any CPU
	EndGlobalSection
	GlobalSection(SolutionProperties) = preSolution
		HideSolutionNode = FALSE
	EndGlobalSection
	GlobalSection(ExtensibilityGlobals) = postSolution
		SolutionGuid = {862FEE56-EE49-4F44-B7CB-9258EF011C0E}
	EndGlobalSection
EndGlobal
